// !$*UTF8*$!
{
	archiveVersion = 1;
	classes = {
	};
	objectVersion = 56;
	objects = {

/* Begin PBXBuildFile section */
		3119D70A2C569B2B002FB23E /* UIColor+ex.swift in Sources */ = {isa = PBXBuildFile; fileRef = 3119D7092C569B2B002FB23E /* UIColor+ex.swift */; };
		312EA27A2C56797600893BF2 /* AppDelegate.swift in Sources */ = {isa = PBXBuildFile; fileRef = 312EA2792C56797600893BF2 /* AppDelegate.swift */; };
		312EA27E2C56797600893BF2 /* NotesListViewController.swift in Sources */ = {isa = PBXBuildFile; fileRef = 312EA27D2C56797600893BF2 /* NotesListViewController.swift */; };
		312EA2832C56797700893BF2 /* Assets.xcassets in Resources */ = {isa = PBXBuildFile; fileRef = 312EA2822C56797700893BF2 /* Assets.xcassets */; };
		312EA2862C56797700893BF2 /* Base in Resources */ = {isa = PBXBuildFile; fileRef = 312EA2852C56797700893BF2 /* Base */; };
		312EA28E2C567C8F00893BF2 /* SimpleNoteTableViewCell.swift in Sources */ = {isa = PBXBuildFile; fileRef = 312EA28D2C567C8F00893BF2 /* SimpleNoteTableViewCell.swift */; };
		312EA2902C567CAE00893BF2 /* ImageNoteTableViewCell.swift in Sources */ = {isa = PBXBuildFile; fileRef = 312EA28F2C567CAE00893BF2 /* ImageNoteTableViewCell.swift */; };
		312EA2932C5681E500893BF2 /* SnapKit in Frameworks */ = {isa = PBXBuildFile; productRef = 312EA2922C5681E500893BF2 /* SnapKit */; };
		312EA2972C56911800893BF2 /* Note.swift in Sources */ = {isa = PBXBuildFile; fileRef = 312EA2962C56911800893BF2 /* Note.swift */; };
		312EA29B2C5691FD00893BF2 /* NotesListViewModel.swift in Sources */ = {isa = PBXBuildFile; fileRef = 312EA29A2C5691FD00893BF2 /* NotesListViewModel.swift */; };
		312EA29D2C5693DC00893BF2 /* TableViewSection.swift in Sources */ = {isa = PBXBuildFile; fileRef = 312EA29C2C5693DC00893BF2 /* TableViewSection.swift */; };
		317D044D2C5BEDFB00FD0A3D /* Model.xcdatamodeld in Sources */ = {isa = PBXBuildFile; fileRef = 317D044B2C5BEDFB00FD0A3D /* Model.xcdatamodeld */; };
		317D04502C5BF9B200FD0A3D /* NoteEntity+CoreDataClass.swift in Sources */ = {isa = PBXBuildFile; fileRef = 317D044E2C5BF9B200FD0A3D /* NoteEntity+CoreDataClass.swift */; };
		317D04512C5BF9B200FD0A3D /* NoteEntity+CoreDataProperties.swift in Sources */ = {isa = PBXBuildFile; fileRef = 317D044F2C5BF9B200FD0A3D /* NoteEntity+CoreDataProperties.swift */; };
		317D04532C5D2CFD00FD0A3D /* NotePersistent.swift in Sources */ = {isa = PBXBuildFile; fileRef = 317D04522C5D2CFD00FD0A3D /* NotePersistent.swift */; };
		317D04552C5D2ED300FD0A3D /* NoteViewModel.swift in Sources */ = {isa = PBXBuildFile; fileRef = 317D04542C5D2ED300FD0A3D /* NoteViewModel.swift */; };
		3180BE382C593CEF007A1C96 /* NoteViewController.swift in Sources */ = {isa = PBXBuildFile; fileRef = 3180BE372C593CEF007A1C96 /* NoteViewController.swift */; };
/* End PBXBuildFile section */

/* Begin PBXFileReference section */
		3119D7092C569B2B002FB23E /* UIColor+ex.swift */ = {isa = PBXFileReference; lastKnownFileType = sourcecode.swift; path = "UIColor+ex.swift"; sourceTree = "<group>"; };
		312EA2762C56797600893BF2 /* NotesApp.app */ = {isa = PBXFileReference; explicitFileType = wrapper.application; includeInIndex = 0; path = NotesApp.app; sourceTree = BUILT_PRODUCTS_DIR; };
		312EA2792C56797600893BF2 /* AppDelegate.swift */ = {isa = PBXFileReference; lastKnownFileType = sourcecode.swift; path = AppDelegate.swift; sourceTree = "<group>"; };
		312EA27D2C56797600893BF2 /* NotesListViewController.swift */ = {isa = PBXFileReference; lastKnownFileType = sourcecode.swift; path = NotesListViewController.swift; sourceTree = "<group>"; };
		312EA2822C56797700893BF2 /* Assets.xcassets */ = {isa = PBXFileReference; lastKnownFileType = folder.assetcatalog; path = Assets.xcassets; sourceTree = "<group>"; };
		312EA2852C56797700893BF2 /* Base */ = {isa = PBXFileReference; lastKnownFileType = file.storyboard; name = Base; path = Base.lproj/LaunchScreen.storyboard; sourceTree = "<group>"; };
		312EA2872C56797700893BF2 /* Info.plist */ = {isa = PBXFileReference; lastKnownFileType = text.plist.xml; path = Info.plist; sourceTree = "<group>"; };
		312EA28D2C567C8F00893BF2 /* SimpleNoteTableViewCell.swift */ = {isa = PBXFileReference; lastKnownFileType = sourcecode.swift; path = SimpleNoteTableViewCell.swift; sourceTree = "<group>"; };
		312EA28F2C567CAE00893BF2 /* ImageNoteTableViewCell.swift */ = {isa = PBXFileReference; lastKnownFileType = sourcecode.swift; path = ImageNoteTableViewCell.swift; sourceTree = "<group>"; };
		312EA2962C56911800893BF2 /* Note.swift */ = {isa = PBXFileReference; lastKnownFileType = sourcecode.swift; path = Note.swift; sourceTree = "<group>"; };
		312EA29A2C5691FD00893BF2 /* NotesListViewModel.swift */ = {isa = PBXFileReference; lastKnownFileType = sourcecode.swift; path = NotesListViewModel.swift; sourceTree = "<group>"; };
		312EA29C2C5693DC00893BF2 /* TableViewSection.swift */ = {isa = PBXFileReference; lastKnownFileType = sourcecode.swift; path = TableViewSection.swift; sourceTree = "<group>"; };
		317D044C2C5BEDFB00FD0A3D /* Model.xcdatamodel */ = {isa = PBXFileReference; lastKnownFileType = wrapper.xcdatamodel; path = Model.xcdatamodel; sourceTree = "<group>"; };
		317D044E2C5BF9B200FD0A3D /* NoteEntity+CoreDataClass.swift */ = {isa = PBXFileReference; lastKnownFileType = sourcecode.swift; path = "NoteEntity+CoreDataClass.swift"; sourceTree = "<group>"; };
		317D044F2C5BF9B200FD0A3D /* NoteEntity+CoreDataProperties.swift */ = {isa = PBXFileReference; lastKnownFileType = sourcecode.swift; path = "NoteEntity+CoreDataProperties.swift"; sourceTree = "<group>"; };
		317D04522C5D2CFD00FD0A3D /* NotePersistent.swift */ = {isa = PBXFileReference; lastKnownFileType = sourcecode.swift; path = NotePersistent.swift; sourceTree = "<group>"; };
		317D04542C5D2ED300FD0A3D /* NoteViewModel.swift */ = {isa = PBXFileReference; lastKnownFileType = sourcecode.swift; path = NoteViewModel.swift; sourceTree = "<group>"; };
		3180BE372C593CEF007A1C96 /* NoteViewController.swift */ = {isa = PBXFileReference; lastKnownFileType = sourcecode.swift; path = NoteViewController.swift; sourceTree = "<group>"; };
/* End PBXFileReference section */

/* Begin PBXFrameworksBuildPhase section */
		312EA2732C56797600893BF2 /* Frameworks */ = {
			isa = PBXFrameworksBuildPhase;
			buildActionMask = 2147483647;
			files = (
				312EA2932C5681E500893BF2 /* SnapKit in Frameworks */,
			);
			runOnlyForDeploymentPostprocessing = 0;
		};
/* End PBXFrameworksBuildPhase section */

/* Begin PBXGroup section */
		3119D70B2C569B30002FB23E /* Extensions */ = {
			isa = PBXGroup;
			children = (
				3119D7092C569B2B002FB23E /* UIColor+ex.swift */,
			);
			path = Extensions;
			sourceTree = "<group>";
		};
		312EA26D2C56797600893BF2 = {
			isa = PBXGroup;
			children = (
				312EA2782C56797600893BF2 /* NotesApp */,
				312EA2772C56797600893BF2 /* Products */,
			);
			sourceTree = "<group>";
		};
		312EA2772C56797600893BF2 /* Products */ = {
			isa = PBXGroup;
			children = (
				312EA2762C56797600893BF2 /* NotesApp.app */,
			);
			name = Products;
			sourceTree = "<group>";
		};
		312EA2782C56797600893BF2 /* NotesApp */ = {
			isa = PBXGroup;
			children = (
				312EA2792C56797600893BF2 /* AppDelegate.swift */,
				312EA29C2C5693DC00893BF2 /* TableViewSection.swift */,
				317D04522C5D2CFD00FD0A3D /* NotePersistent.swift */,
				3180BE392C593D11007A1C96 /* Note */,
				312EA2992C5691AD00893BF2 /* NotesList */,
				3119D70B2C569B30002FB23E /* Extensions */,
				317D044A2C5BED7300FD0A3D /* CoreData */,
				312EA2822C56797700893BF2 /* Assets.xcassets */,
				312EA2842C56797700893BF2 /* LaunchScreen.storyboard */,
				312EA2872C56797700893BF2 /* Info.plist */,
			);
			path = NotesApp;
			sourceTree = "<group>";
		};
		312EA2942C5690DF00893BF2 /* View */ = {
			isa = PBXGroup;
			children = (
				312EA27D2C56797600893BF2 /* NotesListViewController.swift */,
				312EA28D2C567C8F00893BF2 /* SimpleNoteTableViewCell.swift */,
				312EA28F2C567CAE00893BF2 /* ImageNoteTableViewCell.swift */,
			);
			path = View;
			sourceTree = "<group>";
		};
		312EA2952C5690F300893BF2 /* ViewModel */ = {
			isa = PBXGroup;
			children = (
				312EA29A2C5691FD00893BF2 /* NotesListViewModel.swift */,
			);
			path = ViewModel;
			sourceTree = "<group>";
		};
		312EA2982C56919B00893BF2 /* Model */ = {
			isa = PBXGroup;
			children = (
				312EA2962C56911800893BF2 /* Note.swift */,
			);
			path = Model;
			sourceTree = "<group>";
		};
		312EA2992C5691AD00893BF2 /* NotesList */ = {
			isa = PBXGroup;
			children = (
				312EA2982C56919B00893BF2 /* Model */,
				312EA2952C5690F300893BF2 /* ViewModel */,
				312EA2942C5690DF00893BF2 /* View */,
			);
			path = NotesList;
			sourceTree = "<group>";
		};
		317D044A2C5BED7300FD0A3D /* CoreData */ = {
			isa = PBXGroup;
			children = (
				317D044E2C5BF9B200FD0A3D /* NoteEntity+CoreDataClass.swift */,
				317D044F2C5BF9B200FD0A3D /* NoteEntity+CoreDataProperties.swift */,
				317D044B2C5BEDFB00FD0A3D /* Model.xcdatamodeld */,
			);
			path = CoreData;
			sourceTree = "<group>";
		};
		317D04562C5D2EDD00FD0A3D /* ViewModel */ = {
			isa = PBXGroup;
			children = (
				317D04542C5D2ED300FD0A3D /* NoteViewModel.swift */,
			);
			path = ViewModel;
			sourceTree = "<group>";
		};
		3180BE392C593D11007A1C96 /* Note */ = {
			isa = PBXGroup;
			children = (
				3180BE3A2C593D17007A1C96 /* View */,
				317D04562C5D2EDD00FD0A3D /* ViewModel */,
			);
			path = Note;
			sourceTree = "<group>";
		};
		3180BE3A2C593D17007A1C96 /* View */ = {
			isa = PBXGroup;
			children = (
				3180BE372C593CEF007A1C96 /* NoteViewController.swift */,
			);
			path = View;
			sourceTree = "<group>";
		};
/* End PBXGroup section */

/* Begin PBXNativeTarget section */
		312EA2752C56797600893BF2 /* NotesApp */ = {
			isa = PBXNativeTarget;
			buildConfigurationList = 312EA28A2C56797700893BF2 /* Build configuration list for PBXNativeTarget "NotesApp" */;
			buildPhases = (
				312EA2722C56797600893BF2 /* Sources */,
				312EA2732C56797600893BF2 /* Frameworks */,
				312EA2742C56797600893BF2 /* Resources */,
			);
			buildRules = (
			);
			dependencies = (
			);
			name = NotesApp;
			packageProductDependencies = (
				312EA2922C5681E500893BF2 /* SnapKit */,
			);
			productName = NotesApp;
			productReference = 312EA2762C56797600893BF2 /* NotesApp.app */;
			productType = "com.apple.product-type.application";
		};
/* End PBXNativeTarget section */

/* Begin PBXProject section */
		312EA26E2C56797600893BF2 /* Project object */ = {
			isa = PBXProject;
			attributes = {
				BuildIndependentTargetsInParallel = 1;
				LastSwiftUpdateCheck = 1530;
				LastUpgradeCheck = 1530;
				TargetAttributes = {
					312EA2752C56797600893BF2 = {
						CreatedOnToolsVersion = 15.3;
					};
				};
			};
			buildConfigurationList = 312EA2712C56797600893BF2 /* Build configuration list for PBXProject "NotesApp" */;
			compatibilityVersion = "Xcode 14.0";
			developmentRegion = en;
			hasScannedForEncodings = 0;
			knownRegions = (
				en,
				Base,
			);
			mainGroup = 312EA26D2C56797600893BF2;
			packageReferences = (
				312EA2912C5681E500893BF2 /* XCRemoteSwiftPackageReference "SnapKit" */,
			);
			productRefGroup = 312EA2772C56797600893BF2 /* Products */;
			projectDirPath = "";
			projectRoot = "";
			targets = (
				312EA2752C56797600893BF2 /* NotesApp */,
			);
		};
/* End PBXProject section */

/* Begin PBXResourcesBuildPhase section */
		312EA2742C56797600893BF2 /* Resources */ = {
			isa = PBXResourcesBuildPhase;
			buildActionMask = 2147483647;
			files = (
				312EA2832C56797700893BF2 /* Assets.xcassets in Resources */,
				312EA2862C56797700893BF2 /* Base in Resources */,
			);
			runOnlyForDeploymentPostprocessing = 0;
		};
/* End PBXResourcesBuildPhase section */

/* Begin PBXSourcesBuildPhase section */
		312EA2722C56797600893BF2 /* Sources */ = {
			isa = PBXSourcesBuildPhase;
			buildActionMask = 2147483647;
			files = (
				317D04552C5D2ED300FD0A3D /* NoteViewModel.swift in Sources */,
				3119D70A2C569B2B002FB23E /* UIColor+ex.swift in Sources */,
				317D04502C5BF9B200FD0A3D /* NoteEntity+CoreDataClass.swift in Sources */,
				317D04532C5D2CFD00FD0A3D /* NotePersistent.swift in Sources */,
				317D04512C5BF9B200FD0A3D /* NoteEntity+CoreDataProperties.swift in Sources */,
				312EA29D2C5693DC00893BF2 /* TableViewSection.swift in Sources */,
				312EA2972C56911800893BF2 /* Note.swift in Sources */,
				312EA27E2C56797600893BF2 /* NotesListViewController.swift in Sources */,
				3180BE382C593CEF007A1C96 /* NoteViewController.swift in Sources */,
				312EA27A2C56797600893BF2 /* AppDelegate.swift in Sources */,
				312EA28E2C567C8F00893BF2 /* SimpleNoteTableViewCell.swift in Sources */,
				317D044D2C5BEDFB00FD0A3D /* Model.xcdatamodeld in Sources */,
				312EA29B2C5691FD00893BF2 /* NotesListViewModel.swift in Sources */,
				312EA2902C567CAE00893BF2 /* ImageNoteTableViewCell.swift in Sources */,
			);
			runOnlyForDeploymentPostprocessing = 0;
		};
/* End PBXSourcesBuildPhase section */

/* Begin PBXVariantGroup section */
		312EA2842C56797700893BF2 /* LaunchScreen.storyboard */ = {
			isa = PBXVariantGroup;
			children = (
				312EA2852C56797700893BF2 /* Base */,
			);
			name = LaunchScreen.storyboard;
			sourceTree = "<group>";
		};
/* End PBXVariantGroup section */

/* Begin XCBuildConfiguration section */
		312EA2882C56797700893BF2 /* Debug */ = {
			isa = XCBuildConfiguration;
			buildSettings = {
				ALWAYS_SEARCH_USER_PATHS = NO;
				ASSETCATALOG_COMPILER_GENERATE_SWIFT_ASSET_SYMBOL_EXTENSIONS = YES;
				CLANG_ANALYZER_NONNULL = YES;
				CLANG_ANALYZER_NUMBER_OBJECT_CONVERSION = YES_AGGRESSIVE;
				CLANG_CXX_LANGUAGE_STANDARD = "gnu++20";
				CLANG_ENABLE_MODULES = YES;
				CLANG_ENABLE_OBJC_ARC = YES;
				CLANG_ENABLE_OBJC_WEAK = YES;
				CLANG_WARN_BLOCK_CAPTURE_AUTORELEASING = YES;
				CLANG_WARN_BOOL_CONVERSION = YES;
				CLANG_WARN_COMMA = YES;
				CLANG_WARN_CONSTANT_CONVERSION = YES;
				CLANG_WARN_DEPRECATED_OBJC_IMPLEMENTATIONS = YES;
				CLANG_WARN_DIRECT_OBJC_ISA_USAGE = YES_ERROR;
				CLANG_WARN_DOCUMENTATION_COMMENTS = YES;
				CLANG_WARN_EMPTY_BODY = YES;
				CLANG_WARN_ENUM_CONVERSION = YES;
				CLANG_WARN_INFINITE_RECURSION = YES;
				CLANG_WARN_INT_CONVERSION = YES;
				CLANG_WARN_NON_LITERAL_NULL_CONVERSION = YES;
				CLANG_WARN_OBJC_IMPLICIT_RETAIN_SELF = YES;
				CLANG_WARN_OBJC_LITERAL_CONVERSION = YES;
				CLANG_WARN_OBJC_ROOT_CLASS = YES_ERROR;
				CLANG_WARN_QUOTED_INCLUDE_IN_FRAMEWORK_HEADER = YES;
				CLANG_WARN_RANGE_LOOP_ANALYSIS = YES;
				CLANG_WARN_STRICT_PROTOTYPES = YES;
				CLANG_WARN_SUSPICIOUS_MOVE = YES;
				CLANG_WARN_UNGUARDED_AVAILABILITY = YES_AGGRESSIVE;
				CLANG_WARN_UNREACHABLE_CODE = YES;
				CLANG_WARN__DUPLICATE_METHOD_MATCH = YES;
				COPY_PHASE_STRIP = NO;
				DEBUG_INFORMATION_FORMAT = dwarf;
				ENABLE_STRICT_OBJC_MSGSEND = YES;
				ENABLE_TESTABILITY = YES;
				ENABLE_USER_SCRIPT_SANDBOXING = YES;
				GCC_C_LANGUAGE_STANDARD = gnu17;
				GCC_DYNAMIC_NO_PIC = NO;
				GCC_NO_COMMON_BLOCKS = YES;
				GCC_OPTIMIZATION_LEVEL = 0;
				GCC_PREPROCESSOR_DEFINITIONS = (
					"DEBUG=1",
					"$(inherited)",
				);
				GCC_WARN_64_TO_32_BIT_CONVERSION = YES;
				GCC_WARN_ABOUT_RETURN_TYPE = YES_ERROR;
				GCC_WARN_UNDECLARED_SELECTOR = YES;
				GCC_WARN_UNINITIALIZED_AUTOS = YES_AGGRESSIVE;
				GCC_WARN_UNUSED_FUNCTION = YES;
				GCC_WARN_UNUSED_VARIABLE = YES;
				IPHONEOS_DEPLOYMENT_TARGET = 17.4;
				LOCALIZATION_PREFERS_STRING_CATALOGS = YES;
				MTL_ENABLE_DEBUG_INFO = INCLUDE_SOURCE;
				MTL_FAST_MATH = YES;
				ONLY_ACTIVE_ARCH = YES;
				SDKROOT = iphoneos;
				SWIFT_ACTIVE_COMPILATION_CONDITIONS = "DEBUG $(inherited)";
				SWIFT_OPTIMIZATION_LEVEL = "-Onone";
			};
			name = Debug;
		};
		312EA2892C56797700893BF2 /* Release */ = {
			isa = XCBuildConfiguration;
			buildSettings = {
				ALWAYS_SEARCH_USER_PATHS = NO;
				ASSETCATALOG_COMPILER_GENERATE_SWIFT_ASSET_SYMBOL_EXTENSIONS = YES;
				CLANG_ANALYZER_NONNULL = YES;
				CLANG_ANALYZER_NUMBER_OBJECT_CONVERSION = YES_AGGRESSIVE;
				CLANG_CXX_LANGUAGE_STANDARD = "gnu++20";
				CLANG_ENABLE_MODULES = YES;
				CLANG_ENABLE_OBJC_ARC = YES;
				CLANG_ENABLE_OBJC_WEAK = YES;
				CLANG_WARN_BLOCK_CAPTURE_AUTORELEASING = YES;
				CLANG_WARN_BOOL_CONVERSION = YES;
				CLANG_WARN_COMMA = YES;
				CLANG_WARN_CONSTANT_CONVERSION = YES;
				CLANG_WARN_DEPRECATED_OBJC_IMPLEMENTATIONS = YES;
				CLANG_WARN_DIRECT_OBJC_ISA_USAGE = YES_ERROR;
				CLANG_WARN_DOCUMENTATION_COMMENTS = YES;
				CLANG_WARN_EMPTY_BODY = YES;
				CLANG_WARN_ENUM_CONVERSION = YES;
				CLANG_WARN_INFINITE_RECURSION = YES;
				CLANG_WARN_INT_CONVERSION = YES;
				CLANG_WARN_NON_LITERAL_NULL_CONVERSION = YES;
				CLANG_WARN_OBJC_IMPLICIT_RETAIN_SELF = YES;
				CLANG_WARN_OBJC_LITERAL_CONVERSION = YES;
				CLANG_WARN_OBJC_ROOT_CLASS = YES_ERROR;
				CLANG_WARN_QUOTED_INCLUDE_IN_FRAMEWORK_HEADER = YES;
				CLANG_WARN_RANGE_LOOP_ANALYSIS = YES;
				CLANG_WARN_STRICT_PROTOTYPES = YES;
				CLANG_WARN_SUSPICIOUS_MOVE = YES;
				CLANG_WARN_UNGUARDED_AVAILABILITY = YES_AGGRESSIVE;
				CLANG_WARN_UNREACHABLE_CODE = YES;
				CLANG_WARN__DUPLICATE_METHOD_MATCH = YES;
				COPY_PHASE_STRIP = NO;
				DEBUG_INFORMATION_FORMAT = "dwarf-with-dsym";
				ENABLE_NS_ASSERTIONS = NO;
				ENABLE_STRICT_OBJC_MSGSEND = YES;
				ENABLE_USER_SCRIPT_SANDBOXING = YES;
				GCC_C_LANGUAGE_STANDARD = gnu17;
				GCC_NO_COMMON_BLOCKS = YES;
				GCC_WARN_64_TO_32_BIT_CONVERSION = YES;
				GCC_WARN_ABOUT_RETURN_TYPE = YES_ERROR;
				GCC_WARN_UNDECLARED_SELECTOR = YES;
				GCC_WARN_UNINITIALIZED_AUTOS = YES_AGGRESSIVE;
				GCC_WARN_UNUSED_FUNCTION = YES;
				GCC_WARN_UNUSED_VARIABLE = YES;
				IPHONEOS_DEPLOYMENT_TARGET = 17.4;
				LOCALIZATION_PREFERS_STRING_CATALOGS = YES;
				MTL_ENABLE_DEBUG_INFO = NO;
				MTL_FAST_MATH = YES;
				SDKROOT = iphoneos;
				SWIFT_COMPILATION_MODE = wholemodule;
				VALIDATE_PRODUCT = YES;
			};
			name = Release;
		};
		312EA28B2C56797700893BF2 /* Debug */ = {
			isa = XCBuildConfiguration;
			buildSettings = {
				ASSETCATALOG_COMPILER_APPICON_NAME = AppIcon;
				ASSETCATALOG_COMPILER_GLOBAL_ACCENT_COLOR_NAME = AccentColor;
				CODE_SIGN_STYLE = Automatic;
				CURRENT_PROJECT_VERSION = 1;
				DEVELOPMENT_TEAM = 736RFLYC44;
				GENERATE_INFOPLIST_FILE = YES;
				INFOPLIST_FILE = NotesApp/Info.plist;
				INFOPLIST_KEY_UIApplicationSupportsIndirectInputEvents = YES;
				INFOPLIST_KEY_UILaunchStoryboardName = LaunchScreen;
				INFOPLIST_KEY_UISupportedInterfaceOrientations_iPad = "UIInterfaceOrientationPortrait UIInterfaceOrientationPortraitUpsideDown UIInterfaceOrientationLandscapeLeft UIInterfaceOrientationLandscapeRight";
				INFOPLIST_KEY_UISupportedInterfaceOrientations_iPhone = "UIInterfaceOrientationPortrait UIInterfaceOrientationLandscapeLeft UIInterfaceOrientationLandscapeRight";
				LD_RUNPATH_SEARCH_PATHS = (
					"$(inherited)",
					"@executable_path/Frameworks",
				);
				MARKETING_VERSION = 1.0;
				PRODUCT_BUNDLE_IDENTIFIER = me.maksimssalajevs.NotesApp;
				PRODUCT_NAME = "$(TARGET_NAME)";
				SWIFT_EMIT_LOC_STRINGS = YES;
				SWIFT_VERSION = 5.0;
				TARGETED_DEVICE_FAMILY = "1,2";
			};
			name = Debug;
		};
		312EA28C2C56797700893BF2 /* Release */ = {
			isa = XCBuildConfiguration;
			buildSettings = {
				ASSETCATALOG_COMPILER_APPICON_NAME = AppIcon;
				ASSETCATALOG_COMPILER_GLOBAL_ACCENT_COLOR_NAME = AccentColor;
				CODE_SIGN_STYLE = Automatic;
				CURRENT_PROJECT_VERSION = 1;
				DEVELOPMENT_TEAM = 736RFLYC44;
				GENERATE_INFOPLIST_FILE = YES;
				INFOPLIST_FILE = NotesApp/Info.plist;
				INFOPLIST_KEY_UIApplicationSupportsIndirectInputEvents = YES;
				INFOPLIST_KEY_UILaunchStoryboardName = LaunchScreen;
				INFOPLIST_KEY_UISupportedInterfaceOrientations_iPad = "UIInterfaceOrientationPortrait UIInterfaceOrientationPortraitUpsideDown UIInterfaceOrientationLandscapeLeft UIInterfaceOrientationLandscapeRight";
				INFOPLIST_KEY_UISupportedInterfaceOrientations_iPhone = "UIInterfaceOrientationPortrait UIInterfaceOrientationLandscapeLeft UIInterfaceOrientationLandscapeRight";
				LD_RUNPATH_SEARCH_PATHS = (
					"$(inherited)",
					"@executable_path/Frameworks",
				);
				MARKETING_VERSION = 1.0;
				PRODUCT_BUNDLE_IDENTIFIER = me.maksimssalajevs.NotesApp;
				PRODUCT_NAME = "$(TARGET_NAME)";
				SWIFT_EMIT_LOC_STRINGS = YES;
				SWIFT_VERSION = 5.0;
				TARGETED_DEVICE_FAMILY = "1,2";
			};
			name = Release;
		};
/* End XCBuildConfiguration section */

/* Begin XCConfigurationList section */
		312EA2712C56797600893BF2 /* Build configuration list for PBXProject "NotesApp" */ = {
			isa = XCConfigurationList;
			buildConfigurations = (
				312EA2882C56797700893BF2 /* Debug */,
				312EA2892C56797700893BF2 /* Release */,
			);
			defaultConfigurationIsVisible = 0;
			defaultConfigurationName = Release;
		};
		312EA28A2C56797700893BF2 /* Build configuration list for PBXNativeTarget "NotesApp" */ = {
			isa = XCConfigurationList;
			buildConfigurations = (
				312EA28B2C56797700893BF2 /* Debug */,
				312EA28C2C56797700893BF2 /* Release */,
			);
			defaultConfigurationIsVisible = 0;
			defaultConfigurationName = Release;
		};
/* End XCConfigurationList section */

/* Begin XCRemoteSwiftPackageReference section */
		312EA2912C5681E500893BF2 /* XCRemoteSwiftPackageReference "SnapKit" */ = {
			isa = XCRemoteSwiftPackageReference;
			repositoryURL = "https://github.com/SnapKit/SnapKit.git";
			requirement = {
				kind = upToNextMajorVersion;
				minimumVersion = 5.7.1;
			};
		};
/* End XCRemoteSwiftPackageReference section */

/* Begin XCSwiftPackageProductDependency section */
		312EA2922C5681E500893BF2 /* SnapKit */ = {
			isa = XCSwiftPackageProductDependency;
			package = 312EA2912C5681E500893BF2 /* XCRemoteSwiftPackageReference "SnapKit" */;
			productName = SnapKit;
		};
/* End XCSwiftPackageProductDependency section */

/* Begin XCVersionGroup section */
		317D044B2C5BEDFB00FD0A3D /* Model.xcdatamodeld */ = {
			isa = XCVersionGroup;
			children = (
				317D044C2C5BEDFB00FD0A3D /* Model.xcdatamodel */,
			);
			currentVersion = 317D044C2C5BEDFB00FD0A3D /* Model.xcdatamodel */;
			name = Model.xcdatamodeld;
			path = /Users/maksims/Documents/MyNotesApp/NotesApp/CoreData/Model.xcdatamodeld;
			sourceTree = "<group>";
			versionGroupType = wrapper.xcdatamodel;
		};
/* End XCVersionGroup section */
	};
	rootObject = 312EA26E2C56797600893BF2 /* Project object */;
}
